
Microsoft Visual Studio Solution File, Format Version 12.00
# Visual Studio Version 16
VisualStudioVersion = 16.0.32630.194
MinimumVisualStudioVersion = 10.0.40219.1
Project("{FAE04EC0-301F-11D3-BF4B-00C04F79EFBC}") = "Base", "Base\Base.csproj", "{C3A041A5-2749-44E5-A3A6-C6843D25D293}"
EndProject
Global
	GlobalSection(SolutionConfigurationPlatforms) = preSolution
		Debug|Any CPU = Debug|Any CPU
		Release|Any CPU = Release|Any CPU
	EndGlobalSection
	GlobalSection(ProjectConfigurationPlatforms) = postSolution
		{C3A041A5-2749-44E5-A3A6-C6843D25D293}.Debug|Any CPU.ActiveCfg = Debug|Any CPU
		{C3A041A5-2749-44E5-A3A6-C6843D25D293}.Debug|Any CPU.Build.0 = Debug|Any CPU
		{C3A041A5-2749-44E5-A3A6-C6843D25D293}.Release|Any CPU.ActiveCfg = Release|Any CPU
		{C3A041A5-2749-44E5-A3A6-C6843D25D293}.Release|Any CPU.Build.0 = Release|Any CPU
	EndGlobalSection
	GlobalSection(SolutionProperties) = preSolution
		HideSolutionNode = FALSE
	EndGlobalSection
	GlobalSection(ExtensibilityGlobals) = postSolution
		SolutionGuid = {651E029A-5E73-4427-AD25-06FB8A8145D3}
	EndGlobalSection
EndGlobal
