
Microsoft Visual Studio Solution File, Format Version 12.00
# Visual Studio Version 16
VisualStudioVersion = 16.0.32630.194
MinimumVisualStudioVersion = 10.0.40219.1
Project("{FAE04EC0-301F-11D3-BF4B-00C04F79EFBC}") = "Abstraction", "Abstraction\Abstraction.csproj", "{1014AEA6-DAB5-4B83-9998-428163F0EBCC}"
EndProject
Global
	GlobalSection(SolutionConfigurationPlatforms) = preSolution
		Debug|Any CPU = Debug|Any CPU
		Release|Any CPU = Release|Any CPU
	EndGlobalSection
	GlobalSection(ProjectConfigurationPlatforms) = postSolution
		{1014AEA6-DAB5-4B83-9998-428163F0EBCC}.Debug|Any CPU.ActiveCfg = Debug|Any CPU
		{1014AEA6-DAB5-4B83-9998-428163F0EBCC}.Debug|Any CPU.Build.0 = Debug|Any CPU
		{1014AEA6-DAB5-4B83-9998-428163F0EBCC}.Release|Any CPU.ActiveCfg = Release|Any CPU
		{1014AEA6-DAB5-4B83-9998-428163F0EBCC}.Release|Any CPU.Build.0 = Release|Any CPU
	EndGlobalSection
	GlobalSection(SolutionProperties) = preSolution
		HideSolutionNode = FALSE
	EndGlobalSection
	GlobalSection(ExtensibilityGlobals) = postSolution
		SolutionGuid = {E9DD09EF-2702-4012-AE66-A237141E5F89}
	EndGlobalSection
EndGlobal
